
Microsoft Visual Studio Solution File, Format Version 12.00
# Visual Studio Version 17
VisualStudioVersion = 17.9.34723.18
MinimumVisualStudioVersion = 10.0.40219.1
Project("{FAE04EC0-301F-11D3-BF4B-00C04F79EFBC}") = "PokemonRenting.Web", "PokemonRenting\PokemonRenting.Web.csproj", "{A42E52CB-CAEB-4D51-B106-BD54894710C7}"
EndProject
Project("{FAE04EC0-301F-11D3-BF4B-00C04F79EFBC}") = "PokemonRenting.Models", "PokemonRentingModels\PokemonRenting.Models.csproj", "{B8FB2AD2-F777-4F5C-AD18-62343A9A23F5}"
EndProject
Project("{FAE04EC0-301F-11D3-BF4B-00C04F79EFBC}") = "PokemonRenting.Repositories", "PokemonRenting.Repositories\PokemonRenting.Repositories.csproj", "{C00EEEAD-DA4B-42B8-B691-6A9D46DB0FF0}"
EndProject
Global
	GlobalSection(SolutionConfigurationPlatforms) = preSolution
		Debug|Any CPU = Debug|Any CPU
		Release|Any CPU = Release|Any CPU
	EndGlobalSection
	GlobalSection(ProjectConfigurationPlatforms) = postSolution
		{A42E52CB-CAEB-4D51-B106-BD54894710C7}.Debug|Any CPU.ActiveCfg = Debug|Any CPU
		{A42E52CB-CAEB-4D51-B106-BD54894710C7}.Debug|Any CPU.Build.0 = Debug|Any CPU
		{A42E52CB-CAEB-4D51-B106-BD54894710C7}.Release|Any CPU.ActiveCfg = Release|Any CPU
		{A42E52CB-CAEB-4D51-B106-BD54894710C7}.Release|Any CPU.Build.0 = Release|Any CPU
		{B8FB2AD2-F777-4F5C-AD18-62343A9A23F5}.Debug|Any CPU.ActiveCfg = Debug|Any CPU
		{B8FB2AD2-F777-4F5C-AD18-62343A9A23F5}.Debug|Any CPU.Build.0 = Debug|Any CPU
		{B8FB2AD2-F777-4F5C-AD18-62343A9A23F5}.Release|Any CPU.ActiveCfg = Release|Any CPU
		{B8FB2AD2-F777-4F5C-AD18-62343A9A23F5}.Release|Any CPU.Build.0 = Release|Any CPU
		{C00EEEAD-DA4B-42B8-B691-6A9D46DB0FF0}.Debug|Any CPU.ActiveCfg = Debug|Any CPU
		{C00EEEAD-DA4B-42B8-B691-6A9D46DB0FF0}.Debug|Any CPU.Build.0 = Debug|Any CPU
		{C00EEEAD-DA4B-42B8-B691-6A9D46DB0FF0}.Release|Any CPU.ActiveCfg = Release|Any CPU
		{C00EEEAD-DA4B-42B8-B691-6A9D46DB0FF0}.Release|Any CPU.Build.0 = Release|Any CPU
	EndGlobalSection
	GlobalSection(SolutionProperties) = preSolution
		HideSolutionNode = FALSE
	EndGlobalSection
	GlobalSection(ExtensibilityGlobals) = postSolution
		SolutionGuid = {0F9EE9BE-7117-45B0-B15A-7D67ACF1FA28}
	EndGlobalSection
EndGlobal
